
Microsoft Visual Studio Solution File, Format Version 12.00
# Visual Studio Version 17
VisualStudioVersion = 17.8.34408.163
MinimumVisualStudioVersion = 10.0.40219.1
Project("{FAE04EC0-301F-11D3-BF4B-00C04F79EFBC}") = "MyMath", "MyMath\MyMath.csproj", "{6A07407B-F9CE-4554-8293-857BCBE2FB2D}"
EndProject
Global
	GlobalSection(SolutionConfigurationPlatforms) = preSolution
		Debug|Any CPU = Debug|Any CPU
		Release|Any CPU = Release|Any CPU
	EndGlobalSection
	GlobalSection(ProjectConfigurationPlatforms) = postSolution
		{6A07407B-F9CE-4554-8293-857BCBE2FB2D}.Debug|Any CPU.ActiveCfg = Debug|Any CPU
		{6A07407B-F9CE-4554-8293-857BCBE2FB2D}.Debug|Any CPU.Build.0 = Debug|Any CPU
		{6A07407B-F9CE-4554-8293-857BCBE2FB2D}.Release|Any CPU.ActiveCfg = Release|Any CPU
		{6A07407B-F9CE-4554-8293-857BCBE2FB2D}.Release|Any CPU.Build.0 = Release|Any CPU
	EndGlobalSection
	GlobalSection(SolutionProperties) = preSolution
		HideSolutionNode = FALSE
	EndGlobalSection
	GlobalSection(ExtensibilityGlobals) = postSolution
		SolutionGuid = {3DF57CF1-3388-4C2B-9CEF-A1AAA4BC8F86}
	EndGlobalSection
EndGlobal
